
Microsoft Visual Studio Solution File, Format Version 12.00
# Visual Studio 15
VisualStudioVersion = 15.0.26730.15
MinimumVisualStudioVersion = 10.0.40219.1
Project("{FAE04EC0-301F-11D3-BF4B-00C04F79EFBC}") = "HelloWorld", "HelloWorld\HelloWorld.csproj", "{AA8EB2EA-F93E-42B5-8CF4-4DFD4039E8EE}"
EndProject
Project("{FAE04EC0-301F-11D3-BF4B-00C04F79EFBC}") = "MessageBL", "MessageBL\MessageBL.csproj", "{FE6BBED4-A645-4B67-BD1A-C70FBC5C8295}"
EndProject
Project("{FAE04EC0-301F-11D3-BF4B-00C04F79EFBC}") = "MessageDL", "MessageDL\MessageDL.csproj", "{359D5C10-922D-47F2-B8EB-7B7631AD593A}"
EndProject
Project("{FAE04EC0-301F-11D3-BF4B-00C04F79EFBC}") = "MessageUnitTests", "MessageUnitTests\MessageUnitTests.csproj", "{6984D982-EDF6-4935-B1FC-5A50B0775A2D}"
EndProject
Global
	GlobalSection(SolutionConfigurationPlatforms) = preSolution
		Debug|Any CPU = Debug|Any CPU
		Release|Any CPU = Release|Any CPU
	EndGlobalSection
	GlobalSection(ProjectConfigurationPlatforms) = postSolution
		{AA8EB2EA-F93E-42B5-8CF4-4DFD4039E8EE}.Debug|Any CPU.ActiveCfg = Debug|Any CPU
		{AA8EB2EA-F93E-42B5-8CF4-4DFD4039E8EE}.Debug|Any CPU.Build.0 = Debug|Any CPU
		{AA8EB2EA-F93E-42B5-8CF4-4DFD4039E8EE}.Release|Any CPU.ActiveCfg = Release|Any CPU
		{AA8EB2EA-F93E-42B5-8CF4-4DFD4039E8EE}.Release|Any CPU.Build.0 = Release|Any CPU
		{FE6BBED4-A645-4B67-BD1A-C70FBC5C8295}.Debug|Any CPU.ActiveCfg = Debug|Any CPU
		{FE6BBED4-A645-4B67-BD1A-C70FBC5C8295}.Debug|Any CPU.Build.0 = Debug|Any CPU
		{FE6BBED4-A645-4B67-BD1A-C70FBC5C8295}.Release|Any CPU.ActiveCfg = Release|Any CPU
		{FE6BBED4-A645-4B67-BD1A-C70FBC5C8295}.Release|Any CPU.Build.0 = Release|Any CPU
		{359D5C10-922D-47F2-B8EB-7B7631AD593A}.Debug|Any CPU.ActiveCfg = Debug|Any CPU
		{359D5C10-922D-47F2-B8EB-7B7631AD593A}.Debug|Any CPU.Build.0 = Debug|Any CPU
		{359D5C10-922D-47F2-B8EB-7B7631AD593A}.Release|Any CPU.ActiveCfg = Release|Any CPU
		{359D5C10-922D-47F2-B8EB-7B7631AD593A}.Release|Any CPU.Build.0 = Release|Any CPU
		{6984D982-EDF6-4935-B1FC-5A50B0775A2D}.Debug|Any CPU.ActiveCfg = Debug|Any CPU
		{6984D982-EDF6-4935-B1FC-5A50B0775A2D}.Debug|Any CPU.Build.0 = Debug|Any CPU
		{6984D982-EDF6-4935-B1FC-5A50B0775A2D}.Release|Any CPU.ActiveCfg = Release|Any CPU
		{6984D982-EDF6-4935-B1FC-5A50B0775A2D}.Release|Any CPU.Build.0 = Release|Any CPU
	EndGlobalSection
	GlobalSection(SolutionProperties) = preSolution
		HideSolutionNode = FALSE
	EndGlobalSection
	GlobalSection(ExtensibilityGlobals) = postSolution
		SolutionGuid = {28A8115E-23AC-4060-A6BA-4C09201545E0}
	EndGlobalSection
EndGlobal
